
Microsoft Visual Studio Solution File, Format Version 12.00
# Visual Studio Version 16
VisualStudioVersion = 16.0.32002.261
MinimumVisualStudioVersion = 10.0.40219.1
Project("{FAE04EC0-301F-11D3-BF4B-00C04F79EFBC}") = "ProjeFinal", "ProjeFinal.csproj", "{1DCCC02E-CFFF-4548-A8CA-21A287E95D66}"
EndProject
Global
	GlobalSection(SolutionConfigurationPlatforms) = preSolution
		Debug|Any CPU = Debug|Any CPU
		Release|Any CPU = Release|Any CPU
	EndGlobalSection
	GlobalSection(ProjectConfigurationPlatforms) = postSolution
		{1DCCC02E-CFFF-4548-A8CA-21A287E95D66}.Debug|Any CPU.ActiveCfg = Debug|Any CPU
		{1DCCC02E-CFFF-4548-A8CA-21A287E95D66}.Debug|Any CPU.Build.0 = Debug|Any CPU
		{1DCCC02E-CFFF-4548-A8CA-21A287E95D66}.Release|Any CPU.ActiveCfg = Release|Any CPU
		{1DCCC02E-CFFF-4548-A8CA-21A287E95D66}.Release|Any CPU.Build.0 = Release|Any CPU
	EndGlobalSection
	GlobalSection(SolutionProperties) = preSolution
		HideSolutionNode = FALSE
	EndGlobalSection
	GlobalSection(ExtensibilityGlobals) = postSolution
		SolutionGuid = {AA6C292D-7E0D-48D0-B8F4-8FFB91F7D203}
	EndGlobalSection
EndGlobal
